
Microsoft Visual Studio Solution File, Format Version 12.00
# Visual Studio Version 17
VisualStudioVersion = 17.13.35806.99
MinimumVisualStudioVersion = 10.0.40219.1
Project("{FAE04EC0-301F-11D3-BF4B-00C04F79EFBC}") = "AppCikanda", "AppCikanda\AppCikanda.csproj", "{4E1C6932-BD19-46F9-9358-37E72749AF2B}"
EndProject
Project("{FAE04EC0-301F-11D3-BF4B-00C04F79EFBC}") = "ServicesAll", "ModelsServices\ServicesAll.csproj", "{535FDB0A-E822-4531-AF27-65198FB1D03D}"
EndProject
Project("{FAE04EC0-301F-11D3-BF4B-00C04F79EFBC}") = "ApiCikanda", "ApiCikanda\ApiCikanda.csproj", "{3D0AE6D7-EB60-4976-8844-BBFC29C5CCA9}"
EndProject
Project("{FAE04EC0-301F-11D3-BF4B-00C04F79EFBC}") = "Models", "Models\Models.csproj", "{542D1339-56F0-4A5F-934F-FA00AB64D70B}"
EndProject
Global
	GlobalSection(SolutionConfigurationPlatforms) = preSolution
		Debug|Any CPU = Debug|Any CPU
		Release|Any CPU = Release|Any CPU
	EndGlobalSection
	GlobalSection(ProjectConfigurationPlatforms) = postSolution
		{4E1C6932-BD19-46F9-9358-37E72749AF2B}.Debug|Any CPU.ActiveCfg = Debug|Any CPU
		{4E1C6932-BD19-46F9-9358-37E72749AF2B}.Debug|Any CPU.Build.0 = Debug|Any CPU
		{4E1C6932-BD19-46F9-9358-37E72749AF2B}.Release|Any CPU.ActiveCfg = Release|Any CPU
		{4E1C6932-BD19-46F9-9358-37E72749AF2B}.Release|Any CPU.Build.0 = Release|Any CPU
		{535FDB0A-E822-4531-AF27-65198FB1D03D}.Debug|Any CPU.ActiveCfg = Debug|Any CPU
		{535FDB0A-E822-4531-AF27-65198FB1D03D}.Debug|Any CPU.Build.0 = Debug|Any CPU
		{535FDB0A-E822-4531-AF27-65198FB1D03D}.Release|Any CPU.ActiveCfg = Release|Any CPU
		{535FDB0A-E822-4531-AF27-65198FB1D03D}.Release|Any CPU.Build.0 = Release|Any CPU
		{3D0AE6D7-EB60-4976-8844-BBFC29C5CCA9}.Debug|Any CPU.ActiveCfg = Debug|Any CPU
		{3D0AE6D7-EB60-4976-8844-BBFC29C5CCA9}.Debug|Any CPU.Build.0 = Debug|Any CPU
		{3D0AE6D7-EB60-4976-8844-BBFC29C5CCA9}.Release|Any CPU.ActiveCfg = Release|Any CPU
		{3D0AE6D7-EB60-4976-8844-BBFC29C5CCA9}.Release|Any CPU.Build.0 = Release|Any CPU
		{542D1339-56F0-4A5F-934F-FA00AB64D70B}.Debug|Any CPU.ActiveCfg = Debug|Any CPU
		{542D1339-56F0-4A5F-934F-FA00AB64D70B}.Debug|Any CPU.Build.0 = Debug|Any CPU
		{542D1339-56F0-4A5F-934F-FA00AB64D70B}.Release|Any CPU.ActiveCfg = Release|Any CPU
		{542D1339-56F0-4A5F-934F-FA00AB64D70B}.Release|Any CPU.Build.0 = Release|Any CPU
	EndGlobalSection
	GlobalSection(SolutionProperties) = preSolution
		HideSolutionNode = FALSE
	EndGlobalSection
	GlobalSection(ExtensibilityGlobals) = postSolution
		SolutionGuid = {CF051738-D3D3-49A4-9686-FDFEF4B7FF95}
	EndGlobalSection
EndGlobal
